
Microsoft Visual Studio Solution File, Format Version 12.00
# Visual Studio 14
VisualStudioVersion = 14.0.25420.1
MinimumVisualStudioVersion = 10.0.40219.1
Project("{FAE04EC0-301F-11D3-BF4B-00C04F79EFBC}") = "RudenSoftApp.WEB", "RudenSoftApp.WEB\RudenSoftApp.WEB.csproj", "{36EB61D4-B38B-4237-9D68-FF0451834447}"
EndProject
Project("{FAE04EC0-301F-11D3-BF4B-00C04F79EFBC}") = "RudenSoftApp.DAL", "RudenSoftApp.DAL\RudenSoftApp.DAL.csproj", "{1C8E3D78-7184-43B2-8315-399AA7573033}"
EndProject
Project("{FAE04EC0-301F-11D3-BF4B-00C04F79EFBC}") = "RudenSoftApp.Tests", "RudenSoftApp.Tests\RudenSoftApp.Tests.csproj", "{C163BC8F-946C-4270-AA48-1E290F78AA4E}"
EndProject
Project("{FAE04EC0-301F-11D3-BF4B-00C04F79EFBC}") = "RudenSoftApp.BLL", "RudenSoftApp.BLL\RudenSoftApp.BLL.csproj", "{23BF9742-FB1A-4D6D-A256-49048FB7A520}"
EndProject
Global
	GlobalSection(SolutionConfigurationPlatforms) = preSolution
		Debug|Any CPU = Debug|Any CPU
		Release|Any CPU = Release|Any CPU
	EndGlobalSection
	GlobalSection(ProjectConfigurationPlatforms) = postSolution
		{36EB61D4-B38B-4237-9D68-FF0451834447}.Debug|Any CPU.ActiveCfg = Debug|Any CPU
		{36EB61D4-B38B-4237-9D68-FF0451834447}.Debug|Any CPU.Build.0 = Debug|Any CPU
		{36EB61D4-B38B-4237-9D68-FF0451834447}.Release|Any CPU.ActiveCfg = Release|Any CPU
		{36EB61D4-B38B-4237-9D68-FF0451834447}.Release|Any CPU.Build.0 = Release|Any CPU
		{1C8E3D78-7184-43B2-8315-399AA7573033}.Debug|Any CPU.ActiveCfg = Debug|Any CPU
		{1C8E3D78-7184-43B2-8315-399AA7573033}.Debug|Any CPU.Build.0 = Debug|Any CPU
		{1C8E3D78-7184-43B2-8315-399AA7573033}.Release|Any CPU.ActiveCfg = Release|Any CPU
		{1C8E3D78-7184-43B2-8315-399AA7573033}.Release|Any CPU.Build.0 = Release|Any CPU
		{C163BC8F-946C-4270-AA48-1E290F78AA4E}.Debug|Any CPU.ActiveCfg = Debug|Any CPU
		{C163BC8F-946C-4270-AA48-1E290F78AA4E}.Debug|Any CPU.Build.0 = Debug|Any CPU
		{C163BC8F-946C-4270-AA48-1E290F78AA4E}.Release|Any CPU.ActiveCfg = Release|Any CPU
		{C163BC8F-946C-4270-AA48-1E290F78AA4E}.Release|Any CPU.Build.0 = Release|Any CPU
		{23BF9742-FB1A-4D6D-A256-49048FB7A520}.Debug|Any CPU.ActiveCfg = Debug|Any CPU
		{23BF9742-FB1A-4D6D-A256-49048FB7A520}.Debug|Any CPU.Build.0 = Debug|Any CPU
		{23BF9742-FB1A-4D6D-A256-49048FB7A520}.Release|Any CPU.ActiveCfg = Release|Any CPU
		{23BF9742-FB1A-4D6D-A256-49048FB7A520}.Release|Any CPU.Build.0 = Release|Any CPU
	EndGlobalSection
	GlobalSection(SolutionProperties) = preSolution
		HideSolutionNode = FALSE
	EndGlobalSection
EndGlobal
